// !$*UTF8*$!
{
	archiveVersion = 1;
	classes = {
	};
	objectVersion = 56;
	objects = {

/* Begin PBXBuildFile section */
		8B7A6FC029E5B73D00F1C2D3 /* MusicPlayerApp.swift in Sources */ = {isa = PBXBuildFile; fileRef = 8B7A6FA029E5B73D00F1C2D3 /* MusicPlayerApp.swift */; };
		8B7A6FC129E5B73D00F1C2D3 /* ContentView.swift in Sources */ = {isa = PBXBuildFile; fileRef = 8B7A6FA129E5B73D00F1C2D3 /* ContentView.swift */; };
		8B7A6FC229E5B73D00F1C2D3 /* Song.swift in Sources */ = {isa = PBXBuildFile; fileRef = 8B7A6FA229E5B73D00F1C2D3 /* Song.swift */; };
		8B7A6FC329E5B73D00F1C2D3 /* Album.swift in Sources */ = {isa = PBXBuildFile; fileRef = 8B7A6FA329E5B73D00F1C2D3 /* Album.swift */; };
		8B7A6FC429E5B73D00F1C2D3 /* Artist.swift in Sources */ = {isa = PBXBuildFile; fileRef = 8B7A6FA429E5B73D00F1C2D3 /* Artist.swift */; };
		8B7A6FC529E5B73D00F1C2D3 /* Playlist.swift in Sources */ = {isa = PBXBuildFile; fileRef = 8B7A6FA529E5B73D00F1C2D3 /* Playlist.swift */; };
		8B7A6FC629E5B73D00F1C2D3 /* LyricLine.swift in Sources */ = {isa = PBXBuildFile; fileRef = 8B7A6FA629E5B73D00F1C2D3 /* LyricLine.swift */; };
		8B7A6FC729E5B73D00F1C2D3 /* AppTheme.swift in Sources */ = {isa = PBXBuildFile; fileRef = 8B7A6FA729E5B73D00F1C2D3 /* AppTheme.swift */; };
		8B7A6FC829E5B73D00F1C2D3 /* MusicPlayerService.swift in Sources */ = {isa = PBXBuildFile; fileRef = 8B7A6FA829E5B73D00F1C2D3 /* MusicPlayerService.swift */; };
		8B7A6FC929E5B73D00F1C2D3 /* MusicLibraryService.swift in Sources */ = {isa = PBXBuildFile; fileRef = 8B7A6FA929E5B73D00F1C2D3 /* MusicLibraryService.swift */; };
		8B7A6FCA29E5B73D00F1C2D3 /* FileImportService.swift in Sources */ = {isa = PBXBuildFile; fileRef = 8B7A6FAA29E5B73D00F1C2D3 /* FileImportService.swift */; };
		8B7A6FCB29E5B73D00F1C2D3 /* LyricParserService.swift in Sources */ = {isa = PBXBuildFile; fileRef = 8B7A6FAB29E5B73D00F1C2D3 /* LyricParserService.swift */; };
		8B7A6FCC29E5B73D00F1C2D3 /* PlayerView.swift in Sources */ = {isa = PBXBuildFile; fileRef = 8B7A6FAC29E5B73D00F1C2D3 /* PlayerView.swift */; };
		8B7A6FCD29E5B73D00F1C2D3 /* MiniPlayerView.swift in Sources */ = {isa = PBXBuildFile; fileRef = 8B7A6FAD29E5B73D00F1C2D3 /* MiniPlayerView.swift */; };
		8B7A6FCE29E5B73D00F1C2D3 /* LibraryView.swift in Sources */ = {isa = PBXBuildFile; fileRef = 8B7A6FAE29E5B73D00F1C2D3 /* LibraryView.swift */; };
		8B7A6FCF29E5B73D00F1C2D3 /* SongsListView.swift in Sources */ = {isa = PBXBuildFile; fileRef = 8B7A6FAF29E5B73D00F1C2D3 /* SongsListView.swift */; };
		8B7A6FD029E5B73D00F1C2D3 /* SettingsView.swift in Sources */ = {isa = PBXBuildFile; fileRef = 8B7A6FB029E5B73D00F1C2D3 /* SettingsView.swift */; };
		8B7A6FD129E5B73D00F1C2D3 /* ProfileView.swift in Sources */ = {isa = PBXBuildFile; fileRef = 8B7A6FB129E5B73D00F1C2D3 /* ProfileView.swift */; };
		8B7A6FD229E5B73D00F1C2D3 /* Assets.xcassets in Resources */ = {isa = PBXBuildFile; fileRef = 8B7A6FB229E5B73D00F1C2D3 /* Assets.xcassets */; };
		8B7A6FD329E5B73D00F1C2D3 /* PlaylistDetailView.swift in Sources */ = {isa = PBXBuildFile; fileRef = 8B7A6FB329E5B73D00F1C2D4 /* PlaylistDetailView.swift */; };
		8B7A6FD429E5B73D00F1C2D3 /* CarPlaySceneDelegate.swift in Sources */ = {isa = PBXBuildFile; fileRef = 8B7A6FB529E5B73D00F1C2D3 /* CarPlaySceneDelegate.swift */; };
/* End PBXBuildFile section */

/* Begin PBXFileReference section */
		8B7A6FA029E5B73D00F1C2D3 /* MusicPlayerApp.swift */ = {isa = PBXFileReference; lastKnownFileType = sourcecode.swift; path = MusicPlayerApp.swift; sourceTree = "<group>"; };
		8B7A6FA129E5B73D00F1C2D3 /* ContentView.swift */ = {isa = PBXFileReference; lastKnownFileType = sourcecode.swift; path = ContentView.swift; sourceTree = "<group>"; };
		8B7A6FA229E5B73D00F1C2D3 /* Song.swift */ = {isa = PBXFileReference; lastKnownFileType = sourcecode.swift; path = Song.swift; sourceTree = "<group>"; };
		8B7A6FA329E5B73D00F1C2D3 /* Album.swift */ = {isa = PBXFileReference; lastKnownFileType = sourcecode.swift; path = Album.swift; sourceTree = "<group>"; };
		8B7A6FA429E5B73D00F1C2D3 /* Artist.swift */ = {isa = PBXFileReference; lastKnownFileType = sourcecode.swift; path = Artist.swift; sourceTree = "<group>"; };
		8B7A6FA529E5B73D00F1C2D3 /* Playlist.swift */ = {isa = PBXFileReference; lastKnownFileType = sourcecode.swift; path = Playlist.swift; sourceTree = "<group>"; };
		8B7A6FA629E5B73D00F1C2D3 /* LyricLine.swift */ = {isa = PBXFileReference; lastKnownFileType = sourcecode.swift; path = LyricLine.swift; sourceTree = "<group>"; };
		8B7A6FA729E5B73D00F1C2D3 /* AppTheme.swift */ = {isa = PBXFileReference; lastKnownFileType = sourcecode.swift; path = AppTheme.swift; sourceTree = "<group>"; };
		8B7A6FA829E5B73D00F1C2D3 /* MusicPlayerService.swift */ = {isa = PBXFileReference; lastKnownFileType = sourcecode.swift; path = MusicPlayerService.swift; sourceTree = "<group>"; };
		8B7A6FA929E5B73D00F1C2D3 /* MusicLibraryService.swift */ = {isa = PBXFileReference; lastKnownFileType = sourcecode.swift; path = MusicLibraryService.swift; sourceTree = "<group>"; };
		8B7A6FAA29E5B73D00F1C2D3 /* FileImportService.swift */ = {isa = PBXFileReference; lastKnownFileType = sourcecode.swift; path = FileImportService.swift; sourceTree = "<group>"; };
		8B7A6FAB29E5B73D00F1C2D3 /* LyricParserService.swift */ = {isa = PBXFileReference; lastKnownFileType = sourcecode.swift; path = LyricParserService.swift; sourceTree = "<group>"; };
		8B7A6FAC29E5B73D00F1C2D3 /* PlayerView.swift */ = {isa = PBXFileReference; lastKnownFileType = sourcecode.swift; path = PlayerView.swift; sourceTree = "<group>"; };
		8B7A6FAD29E5B73D00F1C2D3 /* MiniPlayerView.swift */ = {isa = PBXFileReference; lastKnownFileType = sourcecode.swift; path = MiniPlayerView.swift; sourceTree = "<group>"; };
		8B7A6FAE29E5B73D00F1C2D3 /* LibraryView.swift */ = {isa = PBXFileReference; lastKnownFileType = sourcecode.swift; path = LibraryView.swift; sourceTree = "<group>"; };
		8B7A6FAF29E5B73D00F1C2D3 /* SongsListView.swift */ = {isa = PBXFileReference; lastKnownFileType = sourcecode.swift; path = SongsListView.swift; sourceTree = "<group>"; };
		8B7A6FB029E5B73D00F1C2D3 /* SettingsView.swift */ = {isa = PBXFileReference; lastKnownFileType = sourcecode.swift; path = SettingsView.swift; sourceTree = "<group>"; };
		8B7A6FB129E5B73D00F1C2D3 /* ProfileView.swift */ = {isa = PBXFileReference; lastKnownFileType = sourcecode.swift; path = ProfileView.swift; sourceTree = "<group>"; };
		8B7A6FB229E5B73D00F1C2D3 /* Assets.xcassets */ = {isa = PBXFileReference; lastKnownFileType = folder.assetcatalog; path = Assets.xcassets; sourceTree = "<group>"; };
		8B7A6FB329E5B73D00F1C2D3 /* Info.plist */ = {isa = PBXFileReference; lastKnownFileType = text.plist.xml; path = Info.plist; sourceTree = "<group>"; };
		8B7A6FB429E5B73D00F1C2D3 /* MusicPlayer.entitlements */ = {isa = PBXFileReference; lastKnownFileType = text.plist.entitlements; path = MusicPlayer.entitlements; sourceTree = "<group>"; };
		8B7A6FB329E5B73D00F1C2D4 /* PlaylistDetailView.swift */ = {isa = PBXFileReference; lastKnownFileType = sourcecode.swift; path = PlaylistDetailView.swift; sourceTree = "<group>"; };
		8B7A6FB529E5B73D00F1C2D3 /* CarPlaySceneDelegate.swift */ = {isa = PBXFileReference; lastKnownFileType = sourcecode.swift; path = CarPlaySceneDelegate.swift; sourceTree = "<group>"; };
		8B7A6F2129E5B73D00F1C2D3 /* MusicPlayer.app */ = {isa = PBXFileReference; explicitFileType = wrapper.application; includeInIndex = 0; path = MusicPlayer.app; sourceTree = BUILT_PRODUCTS_DIR; };
/* End PBXFileReference section */

/* Begin PBXFrameworksBuildPhase section */
		8B7A6F3129E5B73D00F1C2D3 /* Frameworks */ = {
			isa = PBXFrameworksBuildPhase;
			buildActionMask = 2147483647;
			files = (
			);
			runOnlyForDeploymentPostprocessing = 0;
		};
/* End PBXFrameworksBuildPhase section */

/* Begin PBXGroup section */
		8B7A6F0B29E5B73D00F1C2D3 = {
			isa = PBXGroup;
			children = (
				8B7A6F1029E5B73D00F1C2D3 /* MusicPlayer */,
				8B7A6F0C29E5B73D00F1C2D3 /* Products */,
			);
			sourceTree = "<group>";
		};
		8B7A6F0C29E5B73D00F1C2D3 /* Products */ = {
			isa = PBXGroup;
			children = (
				8B7A6F2129E5B73D00F1C2D3 /* MusicPlayer.app */,
			);
			name = Products;
			sourceTree = "<group>";
		};
		8B7A6F1029E5B73D00F1C2D3 /* MusicPlayer */ = {
			isa = PBXGroup;
			children = (
				8B7A6FA029E5B73D00F1C2D3 /* MusicPlayerApp.swift */,
				8B7A6FA129E5B73D00F1C2D3 /* ContentView.swift */,
				8B7A6F1129E5B73D00F1C2D3 /* Models */,
				8B7A6F1229E5B73D00F1C2D3 /* Services */,
				8B7A6F1329E5B73D00F1C2D3 /* Views */,
				8B7A6F1829E5B73D00F1C2D3 /* CarPlay */,
				8B7A6FB229E5B73D00F1C2D3 /* Assets.xcassets */,
				8B7A6FB329E5B73D00F1C2D3 /* Info.plist */,
				8B7A6FB429E5B73D00F1C2D3 /* MusicPlayer.entitlements */,
			);
			path = MusicPlayer;
			sourceTree = "<group>";
		};
		8B7A6F1129E5B73D00F1C2D3 /* Models */ = {
			isa = PBXGroup;
			children = (
				8B7A6FA229E5B73D00F1C2D3 /* Song.swift */,
				8B7A6FA329E5B73D00F1C2D3 /* Album.swift */,
				8B7A6FA429E5B73D00F1C2D3 /* Artist.swift */,
				8B7A6FA529E5B73D00F1C2D3 /* Playlist.swift */,
				8B7A6FA629E5B73D00F1C2D3 /* LyricLine.swift */,
				8B7A6FA729E5B73D00F1C2D3 /* AppTheme.swift */,
			);
			path = Models;
			sourceTree = "<group>";
		};
		8B7A6F1229E5B73D00F1C2D3 /* Services */ = {
			isa = PBXGroup;
			children = (
				8B7A6FA829E5B73D00F1C2D3 /* MusicPlayerService.swift */,
				8B7A6FA929E5B73D00F1C2D3 /* MusicLibraryService.swift */,
				8B7A6FAA29E5B73D00F1C2D3 /* FileImportService.swift */,
				8B7A6FAB29E5B73D00F1C2D3 /* LyricParserService.swift */,
			);
			path = Services;
			sourceTree = "<group>";
		};
		8B7A6F1329E5B73D00F1C2D3 /* Views */ = {
			isa = PBXGroup;
			children = (
				8B7A6F1429E5B73D00F1C2D3 /* Player */,
				8B7A6F1529E5B73D00F1C2D3 /* Library */,
				8B7A6F1629E5B73D00F1C2D3 /* Settings */,
				8B7A6F1729E5B73D00F1C2D3 /* Profile */,
			);
			path = Views;
			sourceTree = "<group>";
		};
		8B7A6F1429E5B73D00F1C2D3 /* Player */ = {
			isa = PBXGroup;
			children = (
				8B7A6FAC29E5B73D00F1C2D3 /* PlayerView.swift */,
				8B7A6FAD29E5B73D00F1C2D3 /* MiniPlayerView.swift */,
			);
			path = Player;
			sourceTree = "<group>";
		};
		8B7A6F1529E5B73D00F1C2D3 /* Library */ = {
			isa = PBXGroup;
			children = (
				8B7A6FAE29E5B73D00F1C2D3 /* LibraryView.swift */,
				8B7A6FAF29E5B73D00F1C2D3 /* SongsListView.swift */,
				8B7A6FB329E5B73D00F1C2D4 /* PlaylistDetailView.swift */,
			);
			path = Library;
			sourceTree = "<group>";
		};
		8B7A6F1629E5B73D00F1C2D3 /* Settings */ = {
			isa = PBXGroup;
			children = (
				8B7A6FB029E5B73D00F1C2D3 /* SettingsView.swift */,
			);
			path = Settings;
			sourceTree = "<group>";
		};
		8B7A6F1729E5B73D00F1C2D3 /* Profile */ = {
			isa = PBXGroup;
			children = (
				8B7A6FB129E5B73D00F1C2D3 /* ProfileView.swift */,
			);
			path = Profile;
			sourceTree = "<group>";
		};
		8B7A6F1829E5B73D00F1C2D3 /* CarPlay */ = {
			isa = PBXGroup;
			children = (
				8B7A6FB529E5B73D00F1C2D3 /* CarPlaySceneDelegate.swift */,
			);
			path = CarPlay;
			sourceTree = "<group>";
		};
/* End PBXGroup section */

/* Begin PBXNativeTarget section */
		8B7A6F2029E5B73D00F1C2D3 /* MusicPlayer */ = {
			isa = PBXNativeTarget;
			buildConfigurationList = 8B7A6F4529E5B73D00F1C2D3 /* Build configuration list for PBXNativeTarget "MusicPlayer" */;
			buildPhases = (
				8B7A6F3029E5B73D00F1C2D3 /* Sources */,
				8B7A6F3129E5B73D00F1C2D3 /* Frameworks */,
				8B7A6F3229E5B73D00F1C2D3 /* Resources */,
			);
			buildRules = (
			);
			dependencies = (
			);
			name = MusicPlayer;
			productName = MusicPlayer;
			productReference = 8B7A6F2129E5B73D00F1C2D3 /* MusicPlayer.app */;
			productType = "com.apple.product-type.application";
		};
/* End PBXNativeTarget section */

/* Begin PBXProject section */
		8B7A6F0A29E5B73D00F1C2D3 /* Project object */ = {
			isa = PBXProject;
			buildConfigurationList = 8B7A6F4229E5B73D00F1C2D3 /* Build configuration list for PBXProject "MusicPlayer" */;
			compatibilityVersion = "Xcode 14.0";
			developmentRegion = en;
			hasScannedForEncodings = 0;
			knownRegions = (
				en,
				Base,
			);
			mainGroup = 8B7A6F0B29E5B73D00F1C2D3;
			productRefGroup = 8B7A6F0C29E5B73D00F1C2D3 /* Products */;
			projectDirPath = "";
			projectRoot = "";
			targets = (
				8B7A6F2029E5B73D00F1C2D3 /* MusicPlayer */,
			);
		};
/* End PBXProject section */

/* Begin PBXResourcesBuildPhase section */
		8B7A6F3229E5B73D00F1C2D3 /* Resources */ = {
			isa = PBXResourcesBuildPhase;
			buildActionMask = 2147483647;
			files = (
				8B7A6FD229E5B73D00F1C2D3 /* Assets.xcassets in Resources */,
			);
			runOnlyForDeploymentPostprocessing = 0;
		};
/* End PBXResourcesBuildPhase section */

/* Begin PBXSourcesBuildPhase section */
		8B7A6F3029E5B73D00F1C2D3 /* Sources */ = {
			isa = PBXSourcesBuildPhase;
			buildActionMask = 2147483647;
			files = (
				8B7A6FC029E5B73D00F1C2D3 /* MusicPlayerApp.swift in Sources */,
				8B7A6FC129E5B73D00F1C2D3 /* ContentView.swift in Sources */,
				8B7A6FC229E5B73D00F1C2D3 /* Song.swift in Sources */,
				8B7A6FC329E5B73D00F1C2D3 /* Album.swift in Sources */,
				8B7A6FC429E5B73D00F1C2D3 /* Artist.swift in Sources */,
				8B7A6FC529E5B73D00F1C2D3 /* Playlist.swift in Sources */,
				8B7A6FC629E5B73D00F1C2D3 /* LyricLine.swift in Sources */,
				8B7A6FC729E5B73D00F1C2D3 /* AppTheme.swift in Sources */,
				8B7A6FC829E5B73D00F1C2D3 /* MusicPlayerService.swift in Sources */,
				8B7A6FC929E5B73D00F1C2D3 /* MusicLibraryService.swift in Sources */,
				8B7A6FCA29E5B73D00F1C2D3 /* FileImportService.swift in Sources */,
				8B7A6FCB29E5B73D00F1C2D3 /* LyricParserService.swift in Sources */,
				8B7A6FCC29E5B73D00F1C2D3 /* PlayerView.swift in Sources */,
				8B7A6FCD29E5B73D00F1C2D3 /* MiniPlayerView.swift in Sources */,
				8B7A6FCE29E5B73D00F1C2D3 /* LibraryView.swift in Sources */,
				8B7A6FCF29E5B73D00F1C2D3 /* SongsListView.swift in Sources */,
				8B7A6FD029E5B73D00F1C2D3 /* SettingsView.swift in Sources */,
				8B7A6FD129E5B73D00F1C2D3 /* ProfileView.swift in Sources */,
				8B7A6FD329E5B73D00F1C2D3 /* PlaylistDetailView.swift in Sources */,
				8B7A6FD429E5B73D00F1C2D3 /* CarPlaySceneDelegate.swift in Sources */,
			);
			runOnlyForDeploymentPostprocessing = 0;
		};
/* End PBXSourcesBuildPhase section */

/* Begin XCBuildConfiguration section */
		8B7A6F4029E5B73D00F1C2D3 /* Debug */ = {
			isa = XCBuildConfiguration;
			buildSettings = {
				ALWAYS_SEARCH_USER_PATHS = NO;
				CLANG_ANALYZER_NONNULL = YES;
				CLANG_ANALYZER_NUMBER_OBJECT_CONVERSION = YES_AGGRESSIVE;
				CLANG_CXX_LANGUAGE_STANDARD = "gnu++20";
				CLANG_ENABLE_MODULES = YES;
				CLANG_ENABLE_OBJC_ARC = YES;
				CLANG_ENABLE_OBJC_WEAK = YES;
				CLANG_WARN_BLOCK_CAPTURE_AUTORELEASING = YES;
				CLANG_WARN_BOOL_CONVERSION = YES;
				CLANG_WARN_COMMA = YES;
				CLANG_WARN_CONSTANT_CONVERSION = YES;
				CLANG_WARN_DEPRECATED_OBJC_IMPLEMENTATIONS = YES;
				CLANG_WARN_DIRECT_OBJC_ISA_USAGE = YES_ERROR;
				CLANG_WARN_DOCUMENTATION_COMMENTS = YES;
				CLANG_WARN_EMPTY_BODY = YES;
				CLANG_WARN_ENUM_CONVERSION = YES;
				CLANG_WARN_INFINITE_RECURSION = YES;
				CLANG_WARN_INT_CONVERSION = YES;
				CLANG_WARN_NON_LITERAL_NULL_CONVERSION = YES;
				CLANG_WARN_OBJC_IMPLICIT_RETAIN_SELF = YES;
				CLANG_WARN_OBJC_LITERAL_CONVERSION = YES;
				CLANG_WARN_OBJC_ROOT_CLASS = YES_ERROR;
				CLANG_WARN_QUOTED_INCLUDE_IN_FRAMEWORK_HEADER = YES;
				CLANG_WARN_RANGE_LOOP_ANALYSIS = YES;
				CLANG_WARN_STRICT_PROTOTYPES = YES;
				CLANG_WARN_SUSPICIOUS_MOVE = YES;
				CLANG_WARN_UNGUARDED_AVAILABILITY = YES_AGGRESSIVE;
				CLANG_WARN_UNREACHABLE_CODE = YES;
				CLANG_WARN__DUPLICATE_METHOD_MATCH = YES;
				COPY_PHASE_STRIP = NO;
				DEBUG_INFORMATION_FORMAT = dwarf;
				ENABLE_STRICT_OBJC_MSGSEND = YES;
				ENABLE_TESTABILITY = YES;
				ENABLE_USER_SCRIPT_SANDBOXING = YES;
				GCC_C_LANGUAGE_STANDARD = gnu17;
				GCC_DYNAMIC_NO_PIC = NO;
				GCC_NO_COMMON_BLOCKS = YES;
				GCC_OPTIMIZATION_LEVEL = 0;
				GCC_PREPROCESSOR_DEFINITIONS = (
					"DEBUG=1",
					"$(inherited)",
				);
				GCC_WARN_64_TO_32_BIT_CONVERSION = YES;
				GCC_WARN_ABOUT_RETURN_TYPE = YES_ERROR;
				GCC_WARN_UNDECLARED_SELECTOR = YES;
				GCC_WARN_UNINITIALIZED_AUTOS = YES_AGGRESSIVE;
				GCC_WARN_UNUSED_FUNCTION = YES;
				GCC_WARN_UNUSED_VARIABLE = YES;
				IPHONEOS_DEPLOYMENT_TARGET = 15.0;
				MTL_ENABLE_DEBUG_INFO = INCLUDE_SOURCE;
				MTL_FAST_MATH = YES;
				ONLY_ACTIVE_ARCH = YES;
				SDKROOT = iphoneos;
				SWIFT_ACTIVE_COMPILATION_CONDITIONS = "$(inherited) DEBUG";
				SWIFT_OPTIMIZATION_LEVEL = "-Onone";
			};
			name = Debug;
		};
		8B7A6F4129E5B73D00F1C2D3 /* Release */ = {
			isa = XCBuildConfiguration;
			buildSettings = {
				ALWAYS_SEARCH_USER_PATHS = NO;
				CLANG_ANALYZER_NONNULL = YES;
				CLANG_ANALYZER_NUMBER_OBJECT_CONVERSION = YES_AGGRESSIVE;
				CLANG_CXX_LANGUAGE_STANDARD = "gnu++20";
				CLANG_ENABLE_MODULES = YES;
				CLANG_ENABLE_OBJC_ARC = YES;
				CLANG_ENABLE_OBJC_WEAK = YES;
				CLANG_WARN_BLOCK_CAPTURE_AUTORELEASING = YES;
				CLANG_WARN_BOOL_CONVERSION = YES;
				CLANG_WARN_COMMA = YES;
				CLANG_WARN_CONSTANT_CONVERSION = YES;
				CLANG_WARN_DEPRECATED_OBJC_IMPLEMENTATIONS = YES;
				CLANG_WARN_DIRECT_OBJC_ISA_USAGE = YES_ERROR;
				CLANG_WARN_DOCUMENTATION_COMMENTS = YES;
				CLANG_WARN_EMPTY_BODY = YES;
				CLANG_WARN_ENUM_CONVERSION = YES;
				CLANG_WARN_INFINITE_RECURSION = YES;
				CLANG_WARN_INT_CONVERSION = YES;
				CLANG_WARN_NON_LITERAL_NULL_CONVERSION = YES;
				CLANG_WARN_OBJC_IMPLICIT_RETAIN_SELF = YES;
				CLANG_WARN_OBJC_LITERAL_CONVERSION = YES;
				CLANG_WARN_OBJC_ROOT_CLASS = YES_ERROR;
				CLANG_WARN_QUOTED_INCLUDE_IN_FRAMEWORK_HEADER = YES;
				CLANG_WARN_RANGE_LOOP_ANALYSIS = YES;
				CLANG_WARN_STRICT_PROTOTYPES = YES;
				CLANG_WARN_SUSPICIOUS_MOVE = YES;
				CLANG_WARN_UNGUARDED_AVAILABILITY = YES_AGGRESSIVE;
				CLANG_WARN_UNREACHABLE_CODE = YES;
				CLANG_WARN__DUPLICATE_METHOD_MATCH = YES;
				COPY_PHASE_STRIP = NO;
				DEBUG_INFORMATION_FORMAT = "dwarf-with-dsym";
				ENABLE_NS_ASSERTIONS = NO;
				ENABLE_STRICT_OBJC_MSGSEND = YES;
				ENABLE_USER_SCRIPT_SANDBOXING = YES;
				GCC_C_LANGUAGE_STANDARD = gnu17;
				GCC_NO_COMMON_BLOCKS = YES;
				GCC_WARN_64_TO_32_BIT_CONVERSION = YES;
				GCC_WARN_ABOUT_RETURN_TYPE = YES_ERROR;
				GCC_WARN_UNDECLARED_SELECTOR = YES;
				GCC_WARN_UNINITIALIZED_AUTOS = YES_AGGRESSIVE;
				GCC_WARN_UNUSED_FUNCTION = YES;
				GCC_WARN_UNUSED_VARIABLE = YES;
				IPHONEOS_DEPLOYMENT_TARGET = 15.0;
				MTL_ENABLE_DEBUG_INFO = NO;
				MTL_FAST_MATH = YES;
				SDKROOT = iphoneos;
				SWIFT_COMPILATION_MODE = wholemodule;
				VALIDATE_PRODUCT = YES;
			};
			name = Release;
		};
		8B7A6F4329E5B73D00F1C2D3 /* Debug */ = {
			isa = XCBuildConfiguration;
			buildSettings = {
				ASSETCATALOG_COMPILER_APPICON_NAME = AppIcon;
				ASSETCATALOG_COMPILER_GLOBAL_ACCENT_COLOR_NAME = AccentColor;
				CODE_SIGN_ENTITLEMENTS = MusicPlayer/MusicPlayer.entitlements;
				CODE_SIGN_STYLE = Automatic;
				CURRENT_PROJECT_VERSION = 1;
				DEVELOPMENT_TEAM = "";
				GENERATE_INFOPLIST_FILE = NO;
				INFOPLIST_FILE = MusicPlayer/Info.plist;
				INFOPLIST_KEY_UIApplicationSceneManifest_Generation = NO;
				IPHONEOS_DEPLOYMENT_TARGET = 15.0;
				LD_RUNPATH_SEARCH_PATHS = (
					"$(inherited)",
					"@executable_path/Frameworks",
				);
				MARKETING_VERSION = 1.0;
				PRODUCT_BUNDLE_IDENTIFIER = com.musicplayer.MusicPlayer;
				PRODUCT_NAME = "$(TARGET_NAME)";
				SUPPORTED_PLATFORMS = "iphoneos iphonesimulator";
				SUPPORTS_MACCATALYST = NO;
				SWIFT_EMIT_LOC_STRINGS = YES;
				SWIFT_VERSION = 5.0;
				TARGETED_DEVICE_FAMILY = "1,2";
			};
			name = Debug;
		};
		8B7A6F4429E5B73D00F1C2D3 /* Release */ = {
			isa = XCBuildConfiguration;
			buildSettings = {
				ASSETCATALOG_COMPILER_APPICON_NAME = AppIcon;
				ASSETCATALOG_COMPILER_GLOBAL_ACCENT_COLOR_NAME = AccentColor;
				CODE_SIGN_ENTITLEMENTS = MusicPlayer/MusicPlayer.entitlements;
				CODE_SIGN_STYLE = Automatic;
				CURRENT_PROJECT_VERSION = 1;
				DEVELOPMENT_TEAM = "";
				GENERATE_INFOPLIST_FILE = NO;
				INFOPLIST_FILE = MusicPlayer/Info.plist;
				INFOPLIST_KEY_UIApplicationSceneManifest_Generation = NO;
				IPHONEOS_DEPLOYMENT_TARGET = 15.0;
				LD_RUNPATH_SEARCH_PATHS = (
					"$(inherited)",
					"@executable_path/Frameworks",
				);
				MARKETING_VERSION = 1.0;
				PRODUCT_BUNDLE_IDENTIFIER = com.musicplayer.MusicPlayer;
				PRODUCT_NAME = "$(TARGET_NAME)";
				SUPPORTED_PLATFORMS = "iphoneos iphonesimulator";
				SUPPORTS_MACCATALYST = NO;
				SWIFT_EMIT_LOC_STRINGS = YES;
				SWIFT_VERSION = 5.0;
				TARGETED_DEVICE_FAMILY = "1,2";
			};
			name = Release;
		};
/* End XCBuildConfiguration section */

/* Begin XCConfigurationList section */
		8B7A6F4229E5B73D00F1C2D3 /* Build configuration list for PBXProject "MusicPlayer" */ = {
			isa = XCConfigurationList;
			buildConfigurations = (
				8B7A6F4029E5B73D00F1C2D3 /* Debug */,
				8B7A6F4129E5B73D00F1C2D3 /* Release */,
			);
			defaultConfigurationIsVisible = 0;
			defaultConfigurationName = Release;
		};
		8B7A6F4529E5B73D00F1C2D3 /* Build configuration list for PBXNativeTarget "MusicPlayer" */ = {
			isa = XCConfigurationList;
			buildConfigurations = (
				8B7A6F4329E5B73D00F1C2D3 /* Debug */,
				8B7A6F4429E5B73D00F1C2D3 /* Release */,
			);
			defaultConfigurationIsVisible = 0;
			defaultConfigurationName = Release;
		};
/* End XCConfigurationList section */

	};
	rootObject = 8B7A6F0A29E5B73D00F1C2D3 /* Project object */;
}
